Microsoft Visual Studio Solution File, Format Version 12.00
# Visual Studio Version 17
VisualStudioVersion = 17.2.32516.85
MinimumVisualStudioVersion = 10.0.40219.1
Project("{9A19103F-16F7-4668-BE54-9A1E7A4F7556}") = "D7SMS.Standard", "D7SMS.Standard\D7SMS.Standard.csproj", "{95BE6580-BF9D-4073-8045-46CF3845847A}"
EndProject
Project("{9A19103F-16F7-4668-BE54-9A1E7A4F7556}") = "D7SMS.Tests", "D7SMS.Tests\D7SMS.Tests.csproj", "{C60003A2-B951-4BEA-B508-50A8BEED1E85}"
EndProject
Global
	GlobalSection(SolutionConfigurationPlatforms) = preSolution
		Debug|Any CPU = Debug|Any CPU
		Release|Any CPU = Release|Any CPU
	EndGlobalSection
	GlobalSection(ProjectConfigurationPlatforms) = postSolution
		{95BE6580-BF9D-4073-8045-46CF3845847A}.Debug|Any CPU.ActiveCfg = Debug|Any CPU
		{95BE6580-BF9D-4073-8045-46CF3845847A}.Debug|Any CPU.Build.0 = Debug|Any CPU
		{95BE6580-BF9D-4073-8045-46CF3845847A}.Release|Any CPU.ActiveCfg = Release|Any CPU
		{95BE6580-BF9D-4073-8045-46CF3845847A}.Release|Any CPU.Build.0 = Release|Any CPU
		{C60003A2-B951-4BEA-B508-50A8BEED1E85}.Debug|Any CPU.ActiveCfg = Debug|Any CPU
		{C60003A2-B951-4BEA-B508-50A8BEED1E85}.Debug|Any CPU.Build.0 = Debug|Any CPU
		{C60003A2-B951-4BEA-B508-50A8BEED1E85}.Release|Any CPU.ActiveCfg = Release|Any CPU
		{C60003A2-B951-4BEA-B508-50A8BEED1E85}.Release|Any CPU.Build.0 = Release|Any CPU
	EndGlobalSection
	GlobalSection(SolutionProperties) = preSolution
		HideSolutionNode = FALSE
	EndGlobalSection
	GlobalSection(ExtensibilityGlobals) = postSolution
		SolutionGuid = {BE8ECAF8-5FD9-4B93-8961-14B7965B2770}
	EndGlobalSection
EndGlobal
